
Terraform used the selected providers to generate the following execution
plan. Resource actions are indicated with the following symbols:
  [32m+[0m create[0m

Terraform will perform the following actions:

[1m  # google_bigquery_dataset.homework_dataset[0m will be created
[0m  [32m+[0m[0m resource "google_bigquery_dataset" "homework_dataset" {
      [32m+[0m[0m creation_time              = (known after apply)
      [32m+[0m[0m dataset_id                 = "homework_dataset"
      [32m+[0m[0m default_collation          = (known after apply)
      [32m+[0m[0m delete_contents_on_destroy = true
      [32m+[0m[0m effective_labels           = {
          [32m+[0m[0m "goog-terraform-provisioned" = "true"
          [32m+[0m[0m "purpose"                    = "homework"
        }
      [32m+[0m[0m etag                       = (known after apply)
      [32m+[0m[0m id                         = (known after apply)
      [32m+[0m[0m is_case_insensitive        = (known after apply)
      [32m+[0m[0m labels                     = {
          [32m+[0m[0m "purpose" = "homework"
        }
      [32m+[0m[0m last_modified_time         = (known after apply)
      [32m+[0m[0m location                   = "EU"
      [32m+[0m[0m max_time_travel_hours      = (known after apply)
      [32m+[0m[0m project                    = "project-534688f2-c3a9-4bff-95a"
      [32m+[0m[0m self_link                  = (known after apply)
      [32m+[0m[0m storage_billing_model      = (known after apply)
      [32m+[0m[0m terraform_labels           = {
          [32m+[0m[0m "goog-terraform-provisioned" = "true"
          [32m+[0m[0m "purpose"                    = "homework"
        }
    }

[1m  # google_compute_instance.homework_vm[0m will be created
[0m  [32m+[0m[0m resource "google_compute_instance" "homework_vm" {
      [32m+[0m[0m can_ip_forward       = false
      [32m+[0m[0m cpu_platform         = (known after apply)
      [32m+[0m[0m creation_timestamp   = (known after apply)
      [32m+[0m[0m current_status       = (known after apply)
      [32m+[0m[0m deletion_protection  = false
      [32m+[0m[0m effective_labels     = {
          [32m+[0m[0m "goog-terraform-provisioned" = "true"
          [32m+[0m[0m "purpose"                    = "homework"
        }
      [32m+[0m[0m id                   = (known after apply)
      [32m+[0m[0m instance_id          = (known after apply)
      [32m+[0m[0m label_fingerprint    = (known after apply)
      [32m+[0m[0m labels               = {
          [32m+[0m[0m "purpose" = "homework"
        }
      [32m+[0m[0m machine_type         = "e2-micro"
      [32m+[0m[0m metadata_fingerprint = (known after apply)
      [32m+[0m[0m min_cpu_platform     = (known after apply)
      [32m+[0m[0m name                 = "homework-vm"
      [32m+[0m[0m project              = "project-534688f2-c3a9-4bff-95a"
      [32m+[0m[0m self_link            = (known after apply)
      [32m+[0m[0m tags_fingerprint     = (known after apply)
      [32m+[0m[0m terraform_labels     = {
          [32m+[0m[0m "goog-terraform-provisioned" = "true"
          [32m+[0m[0m "purpose"                    = "homework"
        }
      [32m+[0m[0m zone                 = "europe-central2-a"

      [32m+[0m[0m boot_disk {
          [32m+[0m[0m auto_delete                = true
          [32m+[0m[0m device_name                = (known after apply)
          [32m+[0m[0m disk_encryption_key_sha256 = (known after apply)
          [32m+[0m[0m guest_os_features          = (known after apply)
          [32m+[0m[0m kms_key_self_link          = (known after apply)
          [32m+[0m[0m mode                       = "READ_WRITE"
          [32m+[0m[0m source                     = (known after apply)

          [32m+[0m[0m initialize_params {
              [32m+[0m[0m architecture           = (known after apply)
              [32m+[0m[0m image                  = "debian-cloud/debian-12"
              [32m+[0m[0m labels                 = (known after apply)
              [32m+[0m[0m provisioned_iops       = (known after apply)
              [32m+[0m[0m provisioned_throughput = (known after apply)
              [32m+[0m[0m resource_policies      = (known after apply)
              [32m+[0m[0m size                   = 10
              [32m+[0m[0m snapshot               = (known after apply)
              [32m+[0m[0m type                   = "pd-standard"
            }
        }

      [32m+[0m[0m network_interface {
          [32m+[0m[0m internal_ipv6_prefix_length = (known after apply)
          [32m+[0m[0m ipv6_access_type            = (known after apply)
          [32m+[0m[0m ipv6_address                = (known after apply)
          [32m+[0m[0m name                        = (known after apply)
          [32m+[0m[0m network                     = "default"
          [32m+[0m[0m network_attachment          = (known after apply)
          [32m+[0m[0m network_ip                  = (known after apply)
          [32m+[0m[0m stack_type                  = (known after apply)
          [32m+[0m[0m subnetwork                  = (known after apply)
          [32m+[0m[0m subnetwork_project          = (known after apply)
        }
    }

[1m  # google_storage_bucket.homework_bucket[0m will be created
[0m  [32m+[0m[0m resource "google_storage_bucket" "homework_bucket" {
      [32m+[0m[0m effective_labels            = {
          [32m+[0m[0m "goog-terraform-provisioned" = "true"
          [32m+[0m[0m "purpose"                    = "homework"
        }
      [32m+[0m[0m force_destroy               = true
      [32m+[0m[0m id                          = (known after apply)
      [32m+[0m[0m labels                      = {
          [32m+[0m[0m "purpose" = "homework"
        }
      [32m+[0m[0m location                    = "EUROPE-CENTRAL2"
      [32m+[0m[0m name                        = (known after apply)
      [32m+[0m[0m project                     = (known after apply)
      [32m+[0m[0m project_number              = (known after apply)
      [32m+[0m[0m public_access_prevention    = (known after apply)
      [32m+[0m[0m rpo                         = (known after apply)
      [32m+[0m[0m self_link                   = (known after apply)
      [32m+[0m[0m storage_class               = "STANDARD"
      [32m+[0m[0m terraform_labels            = {
          [32m+[0m[0m "goog-terraform-provisioned" = "true"
          [32m+[0m[0m "purpose"                    = "homework"
        }
      [32m+[0m[0m time_created                = (known after apply)
      [32m+[0m[0m uniform_bucket_level_access = true
      [32m+[0m[0m updated                     = (known after apply)
      [32m+[0m[0m url                         = (known after apply)
    }

[1m  # random_id.suffix[0m will be created
[0m  [32m+[0m[0m resource "random_id" "suffix" {
      [32m+[0m[0m b64_std     = (known after apply)
      [32m+[0m[0m b64_url     = (known after apply)
      [32m+[0m[0m byte_length = 4
      [32m+[0m[0m dec         = (known after apply)
      [32m+[0m[0m hex         = (known after apply)
      [32m+[0m[0m id          = (known after apply)
    }

[1mPlan:[0m 4 to add, 0 to change, 0 to destroy.
[0m
Changes to Outputs:
  [32m+[0m[0m bucket_name    = (known after apply)
  [32m+[0m[0m dataset_id     = "homework_dataset"
  [32m+[0m[0m vm_internal_ip = (known after apply)
  [32m+[0m[0m vm_name        = "homework-vm"
[0m[1m
Do you want to perform these actions?[0m
  Terraform will perform the actions described above.
  Only 'yes' will be accepted to approve.

  [1mEnter a value:[0m [0m
[0m[1mrandom_id.suffix: Creating...[0m[0m
[0m[1mrandom_id.suffix: Creation complete after 0s [id=bHPCIw][0m
[0m[1mgoogle_bigquery_dataset.homework_dataset: Creating...[0m[0m
[0m[1mgoogle_storage_bucket.homework_bucket: Creating...[0m[0m
[0m[1mgoogle_compute_instance.homework_vm: Creating...[0m[0m
[0m[1mgoogle_bigquery_dataset.homework_dataset: Creation complete after 1s [id=projects/project-534688f2-c3a9-4bff-95a/datasets/homework_dataset][0m
[0m[1mgoogle_storage_bucket.homework_bucket: Creation complete after 1s [id=project-534688f2-c3a9-4bff-95a-hw-bucket-6c73c223][0m
[0m[1mgoogle_compute_instance.homework_vm: Still creating... [10s elapsed][0m[0m
[0m[1mgoogle_compute_instance.homework_vm: Still creating... [20s elapsed][0m[0m
[0m[1mgoogle_compute_instance.homework_vm: Creation complete after 27s [id=projects/project-534688f2-c3a9-4bff-95a/zones/europe-central2-a/instances/homework-vm][0m
[0m[1m[32m
Apply complete! Resources: 4 added, 0 changed, 0 destroyed.
[0m[0m[1m[32m
Outputs:

[0mbucket_name = "project-534688f2-c3a9-4bff-95a-hw-bucket-6c73c223"
dataset_id = "homework_dataset"
vm_internal_ip = "10.186.0.2"
vm_name = "homework-vm"
